
Microsoft Visual Studio Solution File, Format Version 12.00
# Visual Studio Version 17
VisualStudioVersion = 17.6.33815.320
MinimumVisualStudioVersion = 10.0.40219.1
Project("{FAE04EC0-301F-11D3-BF4B-00C04F79EFBC}") = "SchoolDataLibrary", "SchoolDataLibrary\SchoolDataLibrary.csproj", "{AE37E970-F282-4AB9-8C20-A48C51F46908}"
EndProject
Project("{FAE04EC0-301F-11D3-BF4B-00C04F79EFBC}") = "SchoolDataLibrary.Tests", "SchoolDataLibrary.Tests\SchoolDataLibrary.Tests.csproj", "{40E07F06-7485-4041-84CC-2CF30E082D7D}"
EndProject
Global
	GlobalSection(SolutionConfigurationPlatforms) = preSolution
		Debug|Any CPU = Debug|Any CPU
		Release|Any CPU = Release|Any CPU
	EndGlobalSection
	GlobalSection(ProjectConfigurationPlatforms) = postSolution
		{AE37E970-F282-4AB9-8C20-A48C51F46908}.Debug|Any CPU.ActiveCfg = Debug|Any CPU
		{AE37E970-F282-4AB9-8C20-A48C51F46908}.Debug|Any CPU.Build.0 = Debug|Any CPU
		{AE37E970-F282-4AB9-8C20-A48C51F46908}.Release|Any CPU.ActiveCfg = Release|Any CPU
		{AE37E970-F282-4AB9-8C20-A48C51F46908}.Release|Any CPU.Build.0 = Release|Any CPU
		{40E07F06-7485-4041-84CC-2CF30E082D7D}.Debug|Any CPU.ActiveCfg = Debug|Any CPU
		{40E07F06-7485-4041-84CC-2CF30E082D7D}.Debug|Any CPU.Build.0 = Debug|Any CPU
		{40E07F06-7485-4041-84CC-2CF30E082D7D}.Release|Any CPU.ActiveCfg = Release|Any CPU
		{40E07F06-7485-4041-84CC-2CF30E082D7D}.Release|Any CPU.Build.0 = Release|Any CPU
	EndGlobalSection
	GlobalSection(SolutionProperties) = preSolution
		HideSolutionNode = FALSE
	EndGlobalSection
	GlobalSection(ExtensibilityGlobals) = postSolution
		SolutionGuid = {288CDD3B-212A-43A2-8932-012A67E514B8}
	EndGlobalSection
EndGlobal
